// !$*UTF8*$!
{
	archiveVersion = 1;
	classes = {
	};
	objectVersion = 77;
	objects = {

/* Begin PBXBuildFile section */
		DB1B58DD2E3C90F9009A2763 /* NewsFlashNetworking in Frameworks */ = {isa = PBXBuildFile; productRef = DB1B58DC2E3C90F9009A2763 /* NewsFlashNetworking */; };
/* End PBXBuildFile section */

/* Begin PBXContainerItemProxy section */
		DB64CBB42E3A568600E0BC08 /* PBXContainerItemProxy */ = {
			isa = PBXContainerItemProxy;
			containerPortal = DB64CB9D2E3A568400E0BC08 /* Project object */;
			proxyType = 1;
			remoteGlobalIDString = DB64CBA42E3A568500E0BC08;
			remoteInfo = NewsFlash;
		};
		DB64CBBE2E3A568600E0BC08 /* PBXContainerItemProxy */ = {
			isa = PBXContainerItemProxy;
			containerPortal = DB64CB9D2E3A568400E0BC08 /* Project object */;
			proxyType = 1;
			remoteGlobalIDString = DB64CBA42E3A568500E0BC08;
			remoteInfo = NewsFlash;
		};
/* End PBXContainerItemProxy section */

/* Begin PBXFileReference section */
		DB64CBA52E3A568500E0BC08 /* NewsFlash.app */ = {isa = PBXFileReference; explicitFileType = wrapper.application; includeInIndex = 0; path = NewsFlash.app; sourceTree = BUILT_PRODUCTS_DIR; };
		DB64CBB32E3A568600E0BC08 /* NewsFlashTests.xctest */ = {isa = PBXFileReference; explicitFileType = wrapper.cfbundle; includeInIndex = 0; path = NewsFlashTests.xctest; sourceTree = BUILT_PRODUCTS_DIR; };
		DB64CBBD2E3A568600E0BC08 /* NewsFlashUITests.xctest */ = {isa = PBXFileReference; explicitFileType = wrapper.cfbundle; includeInIndex = 0; path = NewsFlashUITests.xctest; sourceTree = BUILT_PRODUCTS_DIR; };
/* End PBXFileReference section */

/* Begin PBXFileSystemSynchronizedBuildFileExceptionSet section */
		DB60E1E02E3BCEBF0014C0B6 /* Exceptions for "NewsFlash" folder in "NewsFlash" target */ = {
			isa = PBXFileSystemSynchronizedBuildFileExceptionSet;
			membershipExceptions = (
				Info.plist,
			);
			target = DB64CBA42E3A568500E0BC08 /* NewsFlash */;
		};
/* End PBXFileSystemSynchronizedBuildFileExceptionSet section */

/* Begin PBXFileSystemSynchronizedRootGroup section */
		DB64CBA72E3A568500E0BC08 /* NewsFlash */ = {
			isa = PBXFileSystemSynchronizedRootGroup;
			exceptions = (
				DB60E1E02E3BCEBF0014C0B6 /* Exceptions for "NewsFlash" folder in "NewsFlash" target */,
			);
			path = NewsFlash;
			sourceTree = "<group>";
		};
		DB64CBB62E3A568600E0BC08 /* NewsFlashTests */ = {
			isa = PBXFileSystemSynchronizedRootGroup;
			path = NewsFlashTests;
			sourceTree = "<group>";
		};
		DB64CBC02E3A568600E0BC08 /* NewsFlashUITests */ = {
			isa = PBXFileSystemSynchronizedRootGroup;
			path = NewsFlashUITests;
			sourceTree = "<group>";
		};
/* End PBXFileSystemSynchronizedRootGroup section */

/* Begin PBXFrameworksBuildPhase section */
		DB64CBA22E3A568500E0BC08 /* Frameworks */ = {
			isa = PBXFrameworksBuildPhase;
			buildActionMask = 2147483647;
			files = (
				DB1B58DD2E3C90F9009A2763 /* NewsFlashNetworking in Frameworks */,
			);
			runOnlyForDeploymentPostprocessing = 0;
		};
		DB64CBB02E3A568600E0BC08 /* Frameworks */ = {
			isa = PBXFrameworksBuildPhase;
			buildActionMask = 2147483647;
			files = (
			);
			runOnlyForDeploymentPostprocessing = 0;
		};
		DB64CBBA2E3A568600E0BC08 /* Frameworks */ = {
			isa = PBXFrameworksBuildPhase;
			buildActionMask = 2147483647;
			files = (
			);
			runOnlyForDeploymentPostprocessing = 0;
		};
/* End PBXFrameworksBuildPhase section */

/* Begin PBXGroup section */
		DB60E1D82E3BBBB70014C0B6 /* Frameworks */ = {
			isa = PBXGroup;
			children = (
			);
			name = Frameworks;
			sourceTree = "<group>";
		};
		DB64CB9C2E3A568400E0BC08 = {
			isa = PBXGroup;
			children = (
				DB64CBA72E3A568500E0BC08 /* NewsFlash */,
				DB64CBB62E3A568600E0BC08 /* NewsFlashTests */,
				DB64CBC02E3A568600E0BC08 /* NewsFlashUITests */,
				DB60E1D82E3BBBB70014C0B6 /* Frameworks */,
				DB64CBA62E3A568500E0BC08 /* Products */,
			);
			sourceTree = "<group>";
		};
		DB64CBA62E3A568500E0BC08 /* Products */ = {
			isa = PBXGroup;
			children = (
				DB64CBA52E3A568500E0BC08 /* NewsFlash.app */,
				DB64CBB32E3A568600E0BC08 /* NewsFlashTests.xctest */,
				DB64CBBD2E3A568600E0BC08 /* NewsFlashUITests.xctest */,
			);
			name = Products;
			sourceTree = "<group>";
		};
/* End PBXGroup section */

/* Begin PBXNativeTarget section */
		DB64CBA42E3A568500E0BC08 /* NewsFlash */ = {
			isa = PBXNativeTarget;
			buildConfigurationList = DB64CBC72E3A568600E0BC08 /* Build configuration list for PBXNativeTarget "NewsFlash" */;
			buildPhases = (
				DB64CBA12E3A568500E0BC08 /* Sources */,
				DB64CBA22E3A568500E0BC08 /* Frameworks */,
				DB64CBA32E3A568500E0BC08 /* Resources */,
			);
			buildRules = (
			);
			dependencies = (
			);
			fileSystemSynchronizedGroups = (
				DB64CBA72E3A568500E0BC08 /* NewsFlash */,
			);
			name = NewsFlash;
			packageProductDependencies = (
				DB1B58DC2E3C90F9009A2763 /* NewsFlashNetworking */,
			);
			productName = NewsFlash;
			productReference = DB64CBA52E3A568500E0BC08 /* NewsFlash.app */;
			productType = "com.apple.product-type.application";
		};
		DB64CBB22E3A568600E0BC08 /* NewsFlashTests */ = {
			isa = PBXNativeTarget;
			buildConfigurationList = DB64CBCA2E3A568600E0BC08 /* Build configuration list for PBXNativeTarget "NewsFlashTests" */;
			buildPhases = (
				DB64CBAF2E3A568600E0BC08 /* Sources */,
				DB64CBB02E3A568600E0BC08 /* Frameworks */,
				DB64CBB12E3A568600E0BC08 /* Resources */,
			);
			buildRules = (
			);
			dependencies = (
				DB64CBB52E3A568600E0BC08 /* PBXTargetDependency */,
			);
			fileSystemSynchronizedGroups = (
				DB64CBB62E3A568600E0BC08 /* NewsFlashTests */,
			);
			name = NewsFlashTests;
			packageProductDependencies = (
			);
			productName = NewsFlashTests;
			productReference = DB64CBB32E3A568600E0BC08 /* NewsFlashTests.xctest */;
			productType = "com.apple.product-type.bundle.unit-test";
		};
		DB64CBBC2E3A568600E0BC08 /* NewsFlashUITests */ = {
			isa = PBXNativeTarget;
			buildConfigurationList = DB64CBCD2E3A568600E0BC08 /* Build configuration list for PBXNativeTarget "NewsFlashUITests" */;
			buildPhases = (
				DB64CBB92E3A568600E0BC08 /* Sources */,
				DB64CBBA2E3A568600E0BC08 /* Frameworks */,
				DB64CBBB2E3A568600E0BC08 /* Resources */,
			);
			buildRules = (
			);
			dependencies = (
				DB64CBBF2E3A568600E0BC08 /* PBXTargetDependency */,
			);
			fileSystemSynchronizedGroups = (
				DB64CBC02E3A568600E0BC08 /* NewsFlashUITests */,
			);
			name = NewsFlashUITests;
			packageProductDependencies = (
			);
			productName = NewsFlashUITests;
			productReference = DB64CBBD2E3A568600E0BC08 /* NewsFlashUITests.xctest */;
			productType = "com.apple.product-type.bundle.ui-testing";
		};
/* End PBXNativeTarget section */

/* Begin PBXProject section */
		DB64CB9D2E3A568400E0BC08 /* Project object */ = {
			isa = PBXProject;
			attributes = {
				BuildIndependentTargetsInParallel = 1;
				LastSwiftUpdateCheck = 1630;
				LastUpgradeCheck = 1630;
				TargetAttributes = {
					DB64CBA42E3A568500E0BC08 = {
						CreatedOnToolsVersion = 16.3;
					};
					DB64CBB22E3A568600E0BC08 = {
						CreatedOnToolsVersion = 16.3;
						TestTargetID = DB64CBA42E3A568500E0BC08;
					};
					DB64CBBC2E3A568600E0BC08 = {
						CreatedOnToolsVersion = 16.3;
						TestTargetID = DB64CBA42E3A568500E0BC08;
					};
				};
			};
			buildConfigurationList = DB64CBA02E3A568400E0BC08 /* Build configuration list for PBXProject "NewsFlash" */;
			developmentRegion = en;
			hasScannedForEncodings = 0;
			knownRegions = (
				en,
				Base,
			);
			mainGroup = DB64CB9C2E3A568400E0BC08;
			minimizedProjectReferenceProxies = 1;
			packageReferences = (
				DB1B58DB2E3C8F72009A2763 /* XCRemoteSwiftPackageReference "NewsFlashNetworking" */,
			);
			preferredProjectObjectVersion = 77;
			productRefGroup = DB64CBA62E3A568500E0BC08 /* Products */;
			projectDirPath = "";
			projectRoot = "";
			targets = (
				DB64CBA42E3A568500E0BC08 /* NewsFlash */,
				DB64CBB22E3A568600E0BC08 /* NewsFlashTests */,
				DB64CBBC2E3A568600E0BC08 /* NewsFlashUITests */,
			);
		};
/* End PBXProject section */

/* Begin PBXResourcesBuildPhase section */
		DB64CBA32E3A568500E0BC08 /* Resources */ = {
			isa = PBXResourcesBuildPhase;
			buildActionMask = 2147483647;
			files = (
			);
			runOnlyForDeploymentPostprocessing = 0;
		};
		DB64CBB12E3A568600E0BC08 /* Resources */ = {
			isa = PBXResourcesBuildPhase;
			buildActionMask = 2147483647;
			files = (
			);
			runOnlyForDeploymentPostprocessing = 0;
		};
		DB64CBBB2E3A568600E0BC08 /* Resources */ = {
			isa = PBXResourcesBuildPhase;
			buildActionMask = 2147483647;
			files = (
			);
			runOnlyForDeploymentPostprocessing = 0;
		};
/* End PBXResourcesBuildPhase section */

/* Begin PBXSourcesBuildPhase section */
		DB64CBA12E3A568500E0BC08 /* Sources */ = {
			isa = PBXSourcesBuildPhase;
			buildActionMask = 2147483647;
			files = (
			);
			runOnlyForDeploymentPostprocessing = 0;
		};
		DB64CBAF2E3A568600E0BC08 /* Sources */ = {
			isa = PBXSourcesBuildPhase;
			buildActionMask = 2147483647;
			files = (
			);
			runOnlyForDeploymentPostprocessing = 0;
		};
		DB64CBB92E3A568600E0BC08 /* Sources */ = {
			isa = PBXSourcesBuildPhase;
			buildActionMask = 2147483647;
			files = (
			);
			runOnlyForDeploymentPostprocessing = 0;
		};
/* End PBXSourcesBuildPhase section */

/* Begin PBXTargetDependency section */
		DB64CBB52E3A568600E0BC08 /* PBXTargetDependency */ = {
			isa = PBXTargetDependency;
			target = DB64CBA42E3A568500E0BC08 /* NewsFlash */;
			targetProxy = DB64CBB42E3A568600E0BC08 /* PBXContainerItemProxy */;
		};
		DB64CBBF2E3A568600E0BC08 /* PBXTargetDependency */ = {
			isa = PBXTargetDependency;
			target = DB64CBA42E3A568500E0BC08 /* NewsFlash */;
			targetProxy = DB64CBBE2E3A568600E0BC08 /* PBXContainerItemProxy */;
		};
/* End PBXTargetDependency section */

/* Begin XCBuildConfiguration section */
		DB64CBC52E3A568600E0BC08 /* Debug */ = {
			isa = XCBuildConfiguration;
			buildSettings = {
				ALWAYS_SEARCH_USER_PATHS = NO;
				ASSETCATALOG_COMPILER_GENERATE_SWIFT_ASSET_SYMBOL_EXTENSIONS = YES;
				CLANG_ANALYZER_NONNULL = YES;
				CLANG_ANALYZER_NUMBER_OBJECT_CONVERSION = YES_AGGRESSIVE;
				CLANG_CXX_LANGUAGE_STANDARD = "gnu++20";
				CLANG_ENABLE_MODULES = YES;
				CLANG_ENABLE_OBJC_ARC = YES;
				CLANG_ENABLE_OBJC_WEAK = YES;
				CLANG_WARN_BLOCK_CAPTURE_AUTORELEASING = YES;
				CLANG_WARN_BOOL_CONVERSION = YES;
				CLANG_WARN_COMMA = YES;
				CLANG_WARN_CONSTANT_CONVERSION = YES;
				CLANG_WARN_DEPRECATED_OBJC_IMPLEMENTATIONS = YES;
				CLANG_WARN_DIRECT_OBJC_ISA_USAGE = YES_ERROR;
				CLANG_WARN_DOCUMENTATION_COMMENTS = YES;
				CLANG_WARN_EMPTY_BODY = YES;
				CLANG_WARN_ENUM_CONVERSION = YES;
				CLANG_WARN_INFINITE_RECURSION = YES;
				CLANG_WARN_INT_CONVERSION = YES;
				CLANG_WARN_NON_LITERAL_NULL_CONVERSION = YES;
				CLANG_WARN_OBJC_IMPLICIT_RETAIN_SELF = YES;
				CLANG_WARN_OBJC_LITERAL_CONVERSION = YES;
				CLANG_WARN_OBJC_ROOT_CLASS = YES_ERROR;
				CLANG_WARN_QUOTED_INCLUDE_IN_FRAMEWORK_HEADER = YES;
				CLANG_WARN_RANGE_LOOP_ANALYSIS = YES;
				CLANG_WARN_STRICT_PROTOTYPES = YES;
				CLANG_WARN_SUSPICIOUS_MOVE = YES;
				CLANG_WARN_UNGUARDED_AVAILABILITY = YES_AGGRESSIVE;
				CLANG_WARN_UNREACHABLE_CODE = YES;
				CLANG_WARN__DUPLICATE_METHOD_MATCH = YES;
				COPY_PHASE_STRIP = NO;
				DEBUG_INFORMATION_FORMAT = dwarf;
				ENABLE_STRICT_OBJC_MSGSEND = YES;
				ENABLE_TESTABILITY = YES;
				ENABLE_USER_SCRIPT_SANDBOXING = YES;
				GCC_C_LANGUAGE_STANDARD = gnu17;
				GCC_DYNAMIC_NO_PIC = NO;
				GCC_NO_COMMON_BLOCKS = YES;
				GCC_OPTIMIZATION_LEVEL = 0;
				GCC_PREPROCESSOR_DEFINITIONS = (
					"DEBUG=1",
					"$(inherited)",
				);
				GCC_WARN_64_TO_32_BIT_CONVERSION = YES;
				GCC_WARN_ABOUT_RETURN_TYPE = YES_ERROR;
				GCC_WARN_UNDECLARED_SELECTOR = YES;
				GCC_WARN_UNINITIALIZED_AUTOS = YES_AGGRESSIVE;
				GCC_WARN_UNUSED_FUNCTION = YES;
				GCC_WARN_UNUSED_VARIABLE = YES;
				LOCALIZATION_PREFERS_STRING_CATALOGS = YES;
				MTL_ENABLE_DEBUG_INFO = INCLUDE_SOURCE;
				MTL_FAST_MATH = YES;
				ONLY_ACTIVE_ARCH = YES;
				SWIFT_ACTIVE_COMPILATION_CONDITIONS = "DEBUG $(inherited)";
				SWIFT_OPTIMIZATION_LEVEL = "-Onone";
			};
			name = Debug;
		};
		DB64CBC62E3A568600E0BC08 /* Release */ = {
			isa = XCBuildConfiguration;
			buildSettings = {
				ALWAYS_SEARCH_USER_PATHS = NO;
				ASSETCATALOG_COMPILER_GENERATE_SWIFT_ASSET_SYMBOL_EXTENSIONS = YES;
				CLANG_ANALYZER_NONNULL = YES;
				CLANG_ANALYZER_NUMBER_OBJECT_CONVERSION = YES_AGGRESSIVE;
				CLANG_CXX_LANGUAGE_STANDARD = "gnu++20";
				CLANG_ENABLE_MODULES = YES;
				CLANG_ENABLE_OBJC_ARC = YES;
				CLANG_ENABLE_OBJC_WEAK = YES;
				CLANG_WARN_BLOCK_CAPTURE_AUTORELEASING = YES;
				CLANG_WARN_BOOL_CONVERSION = YES;
				CLANG_WARN_COMMA = YES;
				CLANG_WARN_CONSTANT_CONVERSION = YES;
				CLANG_WARN_DEPRECATED_OBJC_IMPLEMENTATIONS = YES;
				CLANG_WARN_DIRECT_OBJC_ISA_USAGE = YES_ERROR;
				CLANG_WARN_DOCUMENTATION_COMMENTS = YES;
				CLANG_WARN_EMPTY_BODY = YES;
				CLANG_WARN_ENUM_CONVERSION = YES;
				CLANG_WARN_INFINITE_RECURSION = YES;
				CLANG_WARN_INT_CONVERSION = YES;
				CLANG_WARN_NON_LITERAL_NULL_CONVERSION = YES;
				CLANG_WARN_OBJC_IMPLICIT_RETAIN_SELF = YES;
				CLANG_WARN_OBJC_LITERAL_CONVERSION = YES;
				CLANG_WARN_OBJC_ROOT_CLASS = YES_ERROR;
				CLANG_WARN_QUOTED_INCLUDE_IN_FRAMEWORK_HEADER = YES;
				CLANG_WARN_RANGE_LOOP_ANALYSIS = YES;
				CLANG_WARN_STRICT_PROTOTYPES = YES;
				CLANG_WARN_SUSPICIOUS_MOVE = YES;
				CLANG_WARN_UNGUARDED_AVAILABILITY = YES_AGGRESSIVE;
				CLANG_WARN_UNREACHABLE_CODE = YES;
				CLANG_WARN__DUPLICATE_METHOD_MATCH = YES;
				COPY_PHASE_STRIP = NO;
				DEBUG_INFORMATION_FORMAT = "dwarf-with-dsym";
				ENABLE_NS_ASSERTIONS = NO;
				ENABLE_STRICT_OBJC_MSGSEND = YES;
				ENABLE_USER_SCRIPT_SANDBOXING = YES;
				GCC_C_LANGUAGE_STANDARD = gnu17;
				GCC_NO_COMMON_BLOCKS = YES;
				GCC_WARN_64_TO_32_BIT_CONVERSION = YES;
				GCC_WARN_ABOUT_RETURN_TYPE = YES_ERROR;
				GCC_WARN_UNDECLARED_SELECTOR = YES;
				GCC_WARN_UNINITIALIZED_AUTOS = YES_AGGRESSIVE;
				GCC_WARN_UNUSED_FUNCTION = YES;
				GCC_WARN_UNUSED_VARIABLE = YES;
				LOCALIZATION_PREFERS_STRING_CATALOGS = YES;
				MTL_ENABLE_DEBUG_INFO = NO;
				MTL_FAST_MATH = YES;
				SWIFT_COMPILATION_MODE = wholemodule;
			};
			name = Release;
		};
		DB64CBC82E3A568600E0BC08 /* Debug */ = {
			isa = XCBuildConfiguration;
			buildSettings = {
				ASSETCATALOG_COMPILER_APPICON_NAME = AppIcon;
				ASSETCATALOG_COMPILER_GLOBAL_ACCENT_COLOR_NAME = AccentColor;
				CODE_SIGN_ENTITLEMENTS = NewsFlash/NewsFlash.entitlements;
				CODE_SIGN_STYLE = Automatic;
				CURRENT_PROJECT_VERSION = 1;
				DEVELOPMENT_TEAM = HB67857DPJ;
				ENABLE_PREVIEWS = YES;
				GENERATE_INFOPLIST_FILE = YES;
				INFOPLIST_FILE = NewsFlash/Info.plist;
				"INFOPLIST_KEY_UIApplicationSceneManifest_Generation[sdk=iphoneos*]" = YES;
				"INFOPLIST_KEY_UIApplicationSceneManifest_Generation[sdk=iphonesimulator*]" = YES;
				"INFOPLIST_KEY_UIApplicationSupportsIndirectInputEvents[sdk=iphoneos*]" = YES;
				"INFOPLIST_KEY_UIApplicationSupportsIndirectInputEvents[sdk=iphonesimulator*]" = YES;
				"INFOPLIST_KEY_UILaunchScreen_Generation[sdk=iphoneos*]" = YES;
				"INFOPLIST_KEY_UILaunchScreen_Generation[sdk=iphonesimulator*]" = YES;
				"INFOPLIST_KEY_UIStatusBarStyle[sdk=iphoneos*]" = UIStatusBarStyleDefault;
				"INFOPLIST_KEY_UIStatusBarStyle[sdk=iphonesimulator*]" = UIStatusBarStyleDefault;
				INFOPLIST_KEY_UISupportedInterfaceOrientations_iPad = "UIInterfaceOrientationPortrait UIInterfaceOrientationPortraitUpsideDown UIInterfaceOrientationLandscapeLeft UIInterfaceOrientationLandscapeRight";
				INFOPLIST_KEY_UISupportedInterfaceOrientations_iPhone = "UIInterfaceOrientationPortrait UIInterfaceOrientationLandscapeLeft UIInterfaceOrientationLandscapeRight";
				IPHONEOS_DEPLOYMENT_TARGET = 18.4;
				LD_RUNPATH_SEARCH_PATHS = "@executable_path/Frameworks";
				"LD_RUNPATH_SEARCH_PATHS[sdk=macosx*]" = "@executable_path/../Frameworks";
				MACOSX_DEPLOYMENT_TARGET = 15.4;
				MARKETING_VERSION = 1.0;
				PRODUCT_BUNDLE_IDENTIFIER = com.newsflash.aed.NewsFlash;
				PRODUCT_NAME = "$(TARGET_NAME)";
				REGISTER_APP_GROUPS = YES;
				SDKROOT = auto;
				SUPPORTED_PLATFORMS = "iphoneos iphonesimulator macosx xros xrsimulator";
				SWIFT_EMIT_LOC_STRINGS = YES;
				SWIFT_VERSION = 5.0;
				TARGETED_DEVICE_FAMILY = "1,2,7";
				XROS_DEPLOYMENT_TARGET = 2.4;
			};
			name = Debug;
		};
		DB64CBC92E3A568600E0BC08 /* Release */ = {
			isa = XCBuildConfiguration;
			buildSettings = {
				ASSETCATALOG_COMPILER_APPICON_NAME = AppIcon;
				ASSETCATALOG_COMPILER_GLOBAL_ACCENT_COLOR_NAME = AccentColor;
				CODE_SIGN_ENTITLEMENTS = NewsFlash/NewsFlash.entitlements;
				CODE_SIGN_STYLE = Automatic;
				CURRENT_PROJECT_VERSION = 1;
				DEVELOPMENT_TEAM = HB67857DPJ;
				ENABLE_PREVIEWS = YES;
				GENERATE_INFOPLIST_FILE = YES;
				INFOPLIST_FILE = NewsFlash/Info.plist;
				"INFOPLIST_KEY_UIApplicationSceneManifest_Generation[sdk=iphoneos*]" = YES;
				"INFOPLIST_KEY_UIApplicationSceneManifest_Generation[sdk=iphonesimulator*]" = YES;
				"INFOPLIST_KEY_UIApplicationSupportsIndirectInputEvents[sdk=iphoneos*]" = YES;
				"INFOPLIST_KEY_UIApplicationSupportsIndirectInputEvents[sdk=iphonesimulator*]" = YES;
				"INFOPLIST_KEY_UILaunchScreen_Generation[sdk=iphoneos*]" = YES;
				"INFOPLIST_KEY_UILaunchScreen_Generation[sdk=iphonesimulator*]" = YES;
				"INFOPLIST_KEY_UIStatusBarStyle[sdk=iphoneos*]" = UIStatusBarStyleDefault;
				"INFOPLIST_KEY_UIStatusBarStyle[sdk=iphonesimulator*]" = UIStatusBarStyleDefault;
				INFOPLIST_KEY_UISupportedInterfaceOrientations_iPad = "UIInterfaceOrientationPortrait UIInterfaceOrientationPortraitUpsideDown UIInterfaceOrientationLandscapeLeft UIInterfaceOrientationLandscapeRight";
				INFOPLIST_KEY_UISupportedInterfaceOrientations_iPhone = "UIInterfaceOrientationPortrait UIInterfaceOrientationLandscapeLeft UIInterfaceOrientationLandscapeRight";
				IPHONEOS_DEPLOYMENT_TARGET = 18.4;
				LD_RUNPATH_SEARCH_PATHS = "@executable_path/Frameworks";
				"LD_RUNPATH_SEARCH_PATHS[sdk=macosx*]" = "@executable_path/../Frameworks";
				MACOSX_DEPLOYMENT_TARGET = 15.4;
				MARKETING_VERSION = 1.0;
				PRODUCT_BUNDLE_IDENTIFIER = com.newsflash.aed.NewsFlash;
				PRODUCT_NAME = "$(TARGET_NAME)";
				REGISTER_APP_GROUPS = YES;
				SDKROOT = auto;
				SUPPORTED_PLATFORMS = "iphoneos iphonesimulator macosx xros xrsimulator";
				SWIFT_EMIT_LOC_STRINGS = YES;
				SWIFT_VERSION = 5.0;
				TARGETED_DEVICE_FAMILY = "1,2,7";
				XROS_DEPLOYMENT_TARGET = 2.4;
			};
			name = Release;
		};
		DB64CBCB2E3A568600E0BC08 /* Debug */ = {
			isa = XCBuildConfiguration;
			buildSettings = {
				BUNDLE_LOADER = "$(TEST_HOST)";
				CODE_SIGN_STYLE = Automatic;
				CURRENT_PROJECT_VERSION = 1;
				GENERATE_INFOPLIST_FILE = YES;
				IPHONEOS_DEPLOYMENT_TARGET = 18.4;
				MACOSX_DEPLOYMENT_TARGET = 15.4;
				MARKETING_VERSION = 1.0;
				PRODUCT_BUNDLE_IDENTIFIER = com.newsflash.aed.NewsFlashTests;
				PRODUCT_NAME = "$(TARGET_NAME)";
				SDKROOT = auto;
				SUPPORTED_PLATFORMS = "iphoneos iphonesimulator macosx xros xrsimulator";
				SWIFT_EMIT_LOC_STRINGS = NO;
				SWIFT_VERSION = 5.0;
				TARGETED_DEVICE_FAMILY = "1,2,7";
				TEST_HOST = "$(BUILT_PRODUCTS_DIR)/NewsFlash.app/$(BUNDLE_EXECUTABLE_FOLDER_PATH)/NewsFlash";
				XROS_DEPLOYMENT_TARGET = 2.4;
			};
			name = Debug;
		};
		DB64CBCC2E3A568600E0BC08 /* Release */ = {
			isa = XCBuildConfiguration;
			buildSettings = {
				BUNDLE_LOADER = "$(TEST_HOST)";
				CODE_SIGN_STYLE = Automatic;
				CURRENT_PROJECT_VERSION = 1;
				GENERATE_INFOPLIST_FILE = YES;
				IPHONEOS_DEPLOYMENT_TARGET = 18.4;
				MACOSX_DEPLOYMENT_TARGET = 15.4;
				MARKETING_VERSION = 1.0;
				PRODUCT_BUNDLE_IDENTIFIER = com.newsflash.aed.NewsFlashTests;
				PRODUCT_NAME = "$(TARGET_NAME)";
				SDKROOT = auto;
				SUPPORTED_PLATFORMS = "iphoneos iphonesimulator macosx xros xrsimulator";
				SWIFT_EMIT_LOC_STRINGS = NO;
				SWIFT_VERSION = 5.0;
				TARGETED_DEVICE_FAMILY = "1,2,7";
				TEST_HOST = "$(BUILT_PRODUCTS_DIR)/NewsFlash.app/$(BUNDLE_EXECUTABLE_FOLDER_PATH)/NewsFlash";
				XROS_DEPLOYMENT_TARGET = 2.4;
			};
			name = Release;
		};
		DB64CBCE2E3A568600E0BC08 /* Debug */ = {
			isa = XCBuildConfiguration;
			buildSettings = {
				CODE_SIGN_STYLE = Automatic;
				CURRENT_PROJECT_VERSION = 1;
				GENERATE_INFOPLIST_FILE = YES;
				IPHONEOS_DEPLOYMENT_TARGET = 18.4;
				MACOSX_DEPLOYMENT_TARGET = 15.4;
				MARKETING_VERSION = 1.0;
				PRODUCT_BUNDLE_IDENTIFIER = com.newsflash.aed.NewsFlashUITests;
				PRODUCT_NAME = "$(TARGET_NAME)";
				SDKROOT = auto;
				SUPPORTED_PLATFORMS = "iphoneos iphonesimulator macosx xros xrsimulator";
				SWIFT_EMIT_LOC_STRINGS = NO;
				SWIFT_VERSION = 5.0;
				TARGETED_DEVICE_FAMILY = "1,2,7";
				TEST_TARGET_NAME = NewsFlash;
				XROS_DEPLOYMENT_TARGET = 2.4;
			};
			name = Debug;
		};
		DB64CBCF2E3A568600E0BC08 /* Release */ = {
			isa = XCBuildConfiguration;
			buildSettings = {
				CODE_SIGN_STYLE = Automatic;
				CURRENT_PROJECT_VERSION = 1;
				GENERATE_INFOPLIST_FILE = YES;
				IPHONEOS_DEPLOYMENT_TARGET = 18.4;
				MACOSX_DEPLOYMENT_TARGET = 15.4;
				MARKETING_VERSION = 1.0;
				PRODUCT_BUNDLE_IDENTIFIER = com.newsflash.aed.NewsFlashUITests;
				PRODUCT_NAME = "$(TARGET_NAME)";
				SDKROOT = auto;
				SUPPORTED_PLATFORMS = "iphoneos iphonesimulator macosx xros xrsimulator";
				SWIFT_EMIT_LOC_STRINGS = NO;
				SWIFT_VERSION = 5.0;
				TARGETED_DEVICE_FAMILY = "1,2,7";
				TEST_TARGET_NAME = NewsFlash;
				XROS_DEPLOYMENT_TARGET = 2.4;
			};
			name = Release;
		};
/* End XCBuildConfiguration section */

/* Begin XCConfigurationList section */
		DB64CBA02E3A568400E0BC08 /* Build configuration list for PBXProject "NewsFlash" */ = {
			isa = XCConfigurationList;
			buildConfigurations = (
				DB64CBC52E3A568600E0BC08 /* Debug */,
				DB64CBC62E3A568600E0BC08 /* Release */,
			);
			defaultConfigurationIsVisible = 0;
			defaultConfigurationName = Release;
		};
		DB64CBC72E3A568600E0BC08 /* Build configuration list for PBXNativeTarget "NewsFlash" */ = {
			isa = XCConfigurationList;
			buildConfigurations = (
				DB64CBC82E3A568600E0BC08 /* Debug */,
				DB64CBC92E3A568600E0BC08 /* Release */,
			);
			defaultConfigurationIsVisible = 0;
			defaultConfigurationName = Release;
		};
		DB64CBCA2E3A568600E0BC08 /* Build configuration list for PBXNativeTarget "NewsFlashTests" */ = {
			isa = XCConfigurationList;
			buildConfigurations = (
				DB64CBCB2E3A568600E0BC08 /* Debug */,
				DB64CBCC2E3A568600E0BC08 /* Release */,
			);
			defaultConfigurationIsVisible = 0;
			defaultConfigurationName = Release;
		};
		DB64CBCD2E3A568600E0BC08 /* Build configuration list for PBXNativeTarget "NewsFlashUITests" */ = {
			isa = XCConfigurationList;
			buildConfigurations = (
				DB64CBCE2E3A568600E0BC08 /* Debug */,
				DB64CBCF2E3A568600E0BC08 /* Release */,
			);
			defaultConfigurationIsVisible = 0;
			defaultConfigurationName = Release;
		};
/* End XCConfigurationList section */

/* Begin XCRemoteSwiftPackageReference section */
		DB1B58DB2E3C8F72009A2763 /* XCRemoteSwiftPackageReference "NewsFlashNetworking" */ = {
			isa = XCRemoteSwiftPackageReference;
			repositoryURL = "https://github.com/426ANURAG/NewsFlashNetworking.git";
			requirement = {
				kind = upToNextMajorVersion;
				minimumVersion = 1.0.2;
			};
		};
/* End XCRemoteSwiftPackageReference section */

/* Begin XCSwiftPackageProductDependency section */
		DB1B58DC2E3C90F9009A2763 /* NewsFlashNetworking */ = {
			isa = XCSwiftPackageProductDependency;
			package = DB1B58DB2E3C8F72009A2763 /* XCRemoteSwiftPackageReference "NewsFlashNetworking" */;
			productName = NewsFlashNetworking;
		};
/* End XCSwiftPackageProductDependency section */
	};
	rootObject = DB64CB9D2E3A568400E0BC08 /* Project object */;
}
